
Microsoft Visual Studio Solution File, Format Version 12.00
# Visual Studio Version 17
VisualStudioVersion = 17.10.35013.160
MinimumVisualStudioVersion = 10.0.40219.1
Project("{FAE04EC0-301F-11D3-BF4B-00C04F79EFBC}") = "26-8-2024", "26-8-2024\26-8-2024.csproj", "{BCDFA609-6682-4960-B5BB-74F48957240C}"
EndProject
Global
	GlobalSection(SolutionConfigurationPlatforms) = preSolution
		Debug|Any CPU = Debug|Any CPU
		Release|Any CPU = Release|Any CPU
	EndGlobalSection
	GlobalSection(ProjectConfigurationPlatforms) = postSolution
		{BCDFA609-6682-4960-B5BB-74F48957240C}.Debug|Any CPU.ActiveCfg = Debug|Any CPU
		{BCDFA609-6682-4960-B5BB-74F48957240C}.Debug|Any CPU.Build.0 = Debug|Any CPU
		{BCDFA609-6682-4960-B5BB-74F48957240C}.Release|Any CPU.ActiveCfg = Release|Any CPU
		{BCDFA609-6682-4960-B5BB-74F48957240C}.Release|Any CPU.Build.0 = Release|Any CPU
	EndGlobalSection
	GlobalSection(SolutionProperties) = preSolution
		HideSolutionNode = FALSE
	EndGlobalSection
	GlobalSection(ExtensibilityGlobals) = postSolution
		SolutionGuid = {EF2C93FE-016C-4A87-9634-23082E341777}
	EndGlobalSection
EndGlobal
