
Microsoft Visual Studio Solution File, Format Version 12.00
# Visual Studio Version 17
VisualStudioVersion = 17.10.35013.160
MinimumVisualStudioVersion = 10.0.40219.1
Project("{FAE04EC0-301F-11D3-BF4B-00C04F79EFBC}") = "21-8-2024", "21-8-2024\21-8-2024.csproj", "{83A1C90B-2969-4035-9A12-4E10EE3D35FF}"
EndProject
Global
	GlobalSection(SolutionConfigurationPlatforms) = preSolution
		Debug|Any CPU = Debug|Any CPU
		Release|Any CPU = Release|Any CPU
	EndGlobalSection
	GlobalSection(ProjectConfigurationPlatforms) = postSolution
		{83A1C90B-2969-4035-9A12-4E10EE3D35FF}.Debug|Any CPU.ActiveCfg = Debug|Any CPU
		{83A1C90B-2969-4035-9A12-4E10EE3D35FF}.Debug|Any CPU.Build.0 = Debug|Any CPU
		{83A1C90B-2969-4035-9A12-4E10EE3D35FF}.Release|Any CPU.ActiveCfg = Release|Any CPU
		{83A1C90B-2969-4035-9A12-4E10EE3D35FF}.Release|Any CPU.Build.0 = Release|Any CPU
	EndGlobalSection
	GlobalSection(SolutionProperties) = preSolution
		HideSolutionNode = FALSE
	EndGlobalSection
	GlobalSection(ExtensibilityGlobals) = postSolution
		SolutionGuid = {567C1D84-F5F6-40D5-8B67-1042194201FB}
	EndGlobalSection
EndGlobal
