
Microsoft Visual Studio Solution File, Format Version 12.00
# Visual Studio Version 17
VisualStudioVersion = 17.10.35013.160
MinimumVisualStudioVersion = 10.0.40219.1
Project("{FAE04EC0-301F-11D3-BF4B-00C04F79EFBC}") = "28-8-2024", "28-8-2024\28-8-2024.csproj", "{A23CCF6D-AF42-466F-9B41-DDC00524F3AA}"
EndProject
Global
	GlobalSection(SolutionConfigurationPlatforms) = preSolution
		Debug|Any CPU = Debug|Any CPU
		Release|Any CPU = Release|Any CPU
	EndGlobalSection
	GlobalSection(ProjectConfigurationPlatforms) = postSolution
		{A23CCF6D-AF42-466F-9B41-DDC00524F3AA}.Debug|Any CPU.ActiveCfg = Debug|Any CPU
		{A23CCF6D-AF42-466F-9B41-DDC00524F3AA}.Debug|Any CPU.Build.0 = Debug|Any CPU
		{A23CCF6D-AF42-466F-9B41-DDC00524F3AA}.Release|Any CPU.ActiveCfg = Release|Any CPU
		{A23CCF6D-AF42-466F-9B41-DDC00524F3AA}.Release|Any CPU.Build.0 = Release|Any CPU
	EndGlobalSection
	GlobalSection(SolutionProperties) = preSolution
		HideSolutionNode = FALSE
	EndGlobalSection
	GlobalSection(ExtensibilityGlobals) = postSolution
		SolutionGuid = {73C21A5D-0ABB-4151-9BDD-C6AE221B423E}
	EndGlobalSection
EndGlobal
